
Microsoft Visual Studio Solution File, Format Version 12.00
# Visual Studio Version 16
VisualStudioVersion = 16.0.31003.189
MinimumVisualStudioVersion = 10.0.40219.1
Project("{FAE04EC0-301F-11D3-BF4B-00C04F79EFBC}") = "WebApplication1", "WebApplication1\WebApplication1.csproj", "{3098B70C-67DE-4EBF-8463-9481E3413D72}"
EndProject
Project("{FAE04EC0-301F-11D3-BF4B-00C04F79EFBC}") = "RazorUIClassLib", "RazorUIClassLib\RazorUIClassLib.csproj", "{626D8674-4983-41E7-A1B7-9711764C061A}"
EndProject
Global
	GlobalSection(SolutionConfigurationPlatforms) = preSolution
		Debug|Any CPU = Debug|Any CPU
		Release|Any CPU = Release|Any CPU
	EndGlobalSection
	GlobalSection(ProjectConfigurationPlatforms) = postSolution
		{3098B70C-67DE-4EBF-8463-9481E3413D72}.Debug|Any CPU.ActiveCfg = Debug|Any CPU
		{3098B70C-67DE-4EBF-8463-9481E3413D72}.Debug|Any CPU.Build.0 = Debug|Any CPU
		{3098B70C-67DE-4EBF-8463-9481E3413D72}.Release|Any CPU.ActiveCfg = Release|Any CPU
		{3098B70C-67DE-4EBF-8463-9481E3413D72}.Release|Any CPU.Build.0 = Release|Any CPU
		{626D8674-4983-41E7-A1B7-9711764C061A}.Debug|Any CPU.ActiveCfg = Debug|Any CPU
		{626D8674-4983-41E7-A1B7-9711764C061A}.Debug|Any CPU.Build.0 = Debug|Any CPU
		{626D8674-4983-41E7-A1B7-9711764C061A}.Release|Any CPU.ActiveCfg = Release|Any CPU
		{626D8674-4983-41E7-A1B7-9711764C061A}.Release|Any CPU.Build.0 = Release|Any CPU
	EndGlobalSection
	GlobalSection(SolutionProperties) = preSolution
		HideSolutionNode = FALSE
	EndGlobalSection
	GlobalSection(ExtensibilityGlobals) = postSolution
		SolutionGuid = {BCAB17B6-97F9-4AB6-959B-FBEBE3199D6C}
	EndGlobalSection
EndGlobal
